
Microsoft Visual Studio Solution File, Format Version 12.00
# Visual Studio Version 16
VisualStudioVersion = 16.0.32802.440
MinimumVisualStudioVersion = 10.0.40219.1
Project("{FAE04EC0-301F-11D3-BF4B-00C04F79EFBC}") = "projeto aula03", "projeto aula03\projeto aula03.csproj", "{DADA449D-C444-4053-8716-559F8D19341E}"
EndProject
Global
	GlobalSection(SolutionConfigurationPlatforms) = preSolution
		Debug|Any CPU = Debug|Any CPU
		Release|Any CPU = Release|Any CPU
	EndGlobalSection
	GlobalSection(ProjectConfigurationPlatforms) = postSolution
		{DADA449D-C444-4053-8716-559F8D19341E}.Debug|Any CPU.ActiveCfg = Debug|Any CPU
		{DADA449D-C444-4053-8716-559F8D19341E}.Debug|Any CPU.Build.0 = Debug|Any CPU
		{DADA449D-C444-4053-8716-559F8D19341E}.Release|Any CPU.ActiveCfg = Release|Any CPU
		{DADA449D-C444-4053-8716-559F8D19341E}.Release|Any CPU.Build.0 = Release|Any CPU
	EndGlobalSection
	GlobalSection(SolutionProperties) = preSolution
		HideSolutionNode = FALSE
	EndGlobalSection
	GlobalSection(ExtensibilityGlobals) = postSolution
		SolutionGuid = {A9BA6F9E-540E-4B19-8826-A88F7BB8A59E}
	EndGlobalSection
EndGlobal
